
Microsoft Visual Studio Solution File, Format Version 12.00
# Visual Studio 15
VisualStudioVersion = 15.0.27004.2002
MinimumVisualStudioVersion = 10.0.40219.1
Project("{FAE04EC0-301F-11D3-BF4B-00C04F79EFBC}") = "App1.iOS", "App1\App1.iOS\App1.iOS.csproj", "{682B9B1E-21DA-4921-A0C8-6A24B7064624}"
EndProject
Project("{FAE04EC0-301F-11D3-BF4B-00C04F79EFBC}") = "Backgrounding", "Backgrounding\Backgrounding.csproj", "{540762DC-D4D8-4F04-A800-5EB9088219C7}"
EndProject
Project("{FAE04EC0-301F-11D3-BF4B-00C04F79EFBC}") = "TableView", "TableView\TableView.csproj", "{9D1AD12F-4893-4471-B5B5-F7F976222765}"
EndProject
Project("{FAE04EC0-301F-11D3-BF4B-00C04F79EFBC}") = "testTableView", "testTableView\testTableView.csproj", "{65455FC5-5B16-4195-82FD-30F8156ECFEB}"
EndProject
Project("{FAE04EC0-301F-11D3-BF4B-00C04F79EFBC}") = "App2_Collection", "App2_Collection\App2_Collection.csproj", "{234E001A-29FA-4399-B3EF-143D156BA7CF}"
EndProject
Project("{FAE04EC0-301F-11D3-BF4B-00C04F79EFBC}") = "App3_Gallery", "App3_Gallery\App3_Gallery.csproj", "{AF8EB37F-3F4F-47C8-849F-E8FB78FB61B0}"
EndProject
Project("{FAE04EC0-301F-11D3-BF4B-00C04F79EFBC}") = "App4_GalleryC", "App4_GalleryC\App4_GalleryC.csproj", "{E6BB5E40-AC6D-4902-97B1-088B3F78F6D0}"
EndProject
Project("{FAE04EC0-301F-11D3-BF4B-00C04F79EFBC}") = "App5_TabsView", "App5_TabsView\App5_TabsView.csproj", "{F4987CC0-397D-43E0-98BC-0B6CC54D03C7}"
EndProject
Project("{FAE04EC0-301F-11D3-BF4B-00C04F79EFBC}") = "App6_ConnectingControllers", "App6_ConnectingControllers\App6_ConnectingControllers.csproj", "{F83B31C2-EB47-4549-9E55-39787121BD8D}"
EndProject
Global
	GlobalSection(SolutionConfigurationPlatforms) = preSolution
		Ad-Hoc|Any CPU = Ad-Hoc|Any CPU
		Ad-Hoc|iPhone = Ad-Hoc|iPhone
		Ad-Hoc|iPhoneSimulator = Ad-Hoc|iPhoneSimulator
		AppStore|Any CPU = AppStore|Any CPU
		AppStore|iPhone = AppStore|iPhone
		AppStore|iPhoneSimulator = AppStore|iPhoneSimulator
		Debug|Any CPU = Debug|Any CPU
		Debug|iPhone = Debug|iPhone
		Debug|iPhoneSimulator = Debug|iPhoneSimulator
		Release|Any CPU = Release|Any CPU
		Release|iPhone = Release|iPhone
		Release|iPhoneSimulator = Release|iPhoneSimulator
	EndGlobalSection
	GlobalSection(ProjectConfigurationPlatforms) = postSolution
		{682B9B1E-21DA-4921-A0C8-6A24B7064624}.Ad-Hoc|Any CPU.ActiveCfg = Release|iPhone
		{682B9B1E-21DA-4921-A0C8-6A24B7064624}.Ad-Hoc|Any CPU.Build.0 = Release|iPhone
		{682B9B1E-21DA-4921-A0C8-6A24B7064624}.Ad-Hoc|iPhone.ActiveCfg = Release|iPhone
		{682B9B1E-21DA-4921-A0C8-6A24B7064624}.Ad-Hoc|iPhone.Build.0 = Release|iPhone
		{682B9B1E-21DA-4921-A0C8-6A24B7064624}.Ad-Hoc|iPhoneSimulator.ActiveCfg = Release|iPhoneSimulator
		{682B9B1E-21DA-4921-A0C8-6A24B7064624}.Ad-Hoc|iPhoneSimulator.Build.0 = Release|iPhoneSimulator
		{682B9B1E-21DA-4921-A0C8-6A24B7064624}.AppStore|Any CPU.ActiveCfg = Release|iPhone
		{682B9B1E-21DA-4921-A0C8-6A24B7064624}.AppStore|Any CPU.Build.0 = Release|iPhone
		{682B9B1E-21DA-4921-A0C8-6A24B7064624}.AppStore|iPhone.ActiveCfg = Release|iPhone
		{682B9B1E-21DA-4921-A0C8-6A24B7064624}.AppStore|iPhone.Build.0 = Release|iPhone
		{682B9B1E-21DA-4921-A0C8-6A24B7064624}.AppStore|iPhoneSimulator.ActiveCfg = Release|iPhoneSimulator
		{682B9B1E-21DA-4921-A0C8-6A24B7064624}.AppStore|iPhoneSimulator.Build.0 = Release|iPhoneSimulator
		{682B9B1E-21DA-4921-A0C8-6A24B7064624}.Debug|Any CPU.ActiveCfg = Debug|iPhone
		{682B9B1E-21DA-4921-A0C8-6A24B7064624}.Debug|iPhone.ActiveCfg = Debug|iPhone
		{682B9B1E-21DA-4921-A0C8-6A24B7064624}.Debug|iPhone.Build.0 = Debug|iPhone
		{682B9B1E-21DA-4921-A0C8-6A24B7064624}.Debug|iPhoneSimulator.ActiveCfg = Debug|iPhoneSimulator
		{682B9B1E-21DA-4921-A0C8-6A24B7064624}.Debug|iPhoneSimulator.Build.0 = Debug|iPhoneSimulator
		{682B9B1E-21DA-4921-A0C8-6A24B7064624}.Release|Any CPU.ActiveCfg = Release|iPhone
		{682B9B1E-21DA-4921-A0C8-6A24B7064624}.Release|iPhone.ActiveCfg = Release|iPhone
		{682B9B1E-21DA-4921-A0C8-6A24B7064624}.Release|iPhone.Build.0 = Release|iPhone
		{682B9B1E-21DA-4921-A0C8-6A24B7064624}.Release|iPhoneSimulator.ActiveCfg = Release|iPhoneSimulator
		{682B9B1E-21DA-4921-A0C8-6A24B7064624}.Release|iPhoneSimulator.Build.0 = Release|iPhoneSimulator
		{540762DC-D4D8-4F04-A800-5EB9088219C7}.Ad-Hoc|Any CPU.ActiveCfg = Ad-Hoc|iPhone
		{540762DC-D4D8-4F04-A800-5EB9088219C7}.Ad-Hoc|iPhone.ActiveCfg = Ad-Hoc|iPhone
		{540762DC-D4D8-4F04-A800-5EB9088219C7}.Ad-Hoc|iPhone.Build.0 = Ad-Hoc|iPhone
		{540762DC-D4D8-4F04-A800-5EB9088219C7}.Ad-Hoc|iPhoneSimulator.ActiveCfg = Ad-Hoc|iPhoneSimulator
		{540762DC-D4D8-4F04-A800-5EB9088219C7}.Ad-Hoc|iPhoneSimulator.Build.0 = Ad-Hoc|iPhoneSimulator
		{540762DC-D4D8-4F04-A800-5EB9088219C7}.AppStore|Any CPU.ActiveCfg = AppStore|iPhone
		{540762DC-D4D8-4F04-A800-5EB9088219C7}.AppStore|iPhone.ActiveCfg = AppStore|iPhone
		{540762DC-D4D8-4F04-A800-5EB9088219C7}.AppStore|iPhone.Build.0 = AppStore|iPhone
		{540762DC-D4D8-4F04-A800-5EB9088219C7}.AppStore|iPhoneSimulator.ActiveCfg = AppStore|iPhoneSimulator
		{540762DC-D4D8-4F04-A800-5EB9088219C7}.AppStore|iPhoneSimulator.Build.0 = AppStore|iPhoneSimulator
		{540762DC-D4D8-4F04-A800-5EB9088219C7}.Debug|Any CPU.ActiveCfg = Debug|iPhone
		{540762DC-D4D8-4F04-A800-5EB9088219C7}.Debug|iPhone.ActiveCfg = Debug|iPhone
		{540762DC-D4D8-4F04-A800-5EB9088219C7}.Debug|iPhone.Build.0 = Debug|iPhone
		{540762DC-D4D8-4F04-A800-5EB9088219C7}.Debug|iPhoneSimulator.ActiveCfg = Debug|iPhoneSimulator
		{540762DC-D4D8-4F04-A800-5EB9088219C7}.Debug|iPhoneSimulator.Build.0 = Debug|iPhoneSimulator
		{540762DC-D4D8-4F04-A800-5EB9088219C7}.Release|Any CPU.ActiveCfg = Release|iPhone
		{540762DC-D4D8-4F04-A800-5EB9088219C7}.Release|iPhone.ActiveCfg = Release|iPhone
		{540762DC-D4D8-4F04-A800-5EB9088219C7}.Release|iPhone.Build.0 = Release|iPhone
		{540762DC-D4D8-4F04-A800-5EB9088219C7}.Release|iPhoneSimulator.ActiveCfg = Release|iPhoneSimulator
		{540762DC-D4D8-4F04-A800-5EB9088219C7}.Release|iPhoneSimulator.Build.0 = Release|iPhoneSimulator
		{9D1AD12F-4893-4471-B5B5-F7F976222765}.Ad-Hoc|Any CPU.ActiveCfg = Ad-Hoc|iPhone
		{9D1AD12F-4893-4471-B5B5-F7F976222765}.Ad-Hoc|iPhone.ActiveCfg = Ad-Hoc|iPhone
		{9D1AD12F-4893-4471-B5B5-F7F976222765}.Ad-Hoc|iPhone.Build.0 = Ad-Hoc|iPhone
		{9D1AD12F-4893-4471-B5B5-F7F976222765}.Ad-Hoc|iPhoneSimulator.ActiveCfg = Ad-Hoc|iPhoneSimulator
		{9D1AD12F-4893-4471-B5B5-F7F976222765}.Ad-Hoc|iPhoneSimulator.Build.0 = Ad-Hoc|iPhoneSimulator
		{9D1AD12F-4893-4471-B5B5-F7F976222765}.AppStore|Any CPU.ActiveCfg = AppStore|iPhone
		{9D1AD12F-4893-4471-B5B5-F7F976222765}.AppStore|iPhone.ActiveCfg = AppStore|iPhone
		{9D1AD12F-4893-4471-B5B5-F7F976222765}.AppStore|iPhone.Build.0 = AppStore|iPhone
		{9D1AD12F-4893-4471-B5B5-F7F976222765}.AppStore|iPhoneSimulator.ActiveCfg = AppStore|iPhoneSimulator
		{9D1AD12F-4893-4471-B5B5-F7F976222765}.AppStore|iPhoneSimulator.Build.0 = AppStore|iPhoneSimulator
		{9D1AD12F-4893-4471-B5B5-F7F976222765}.Debug|Any CPU.ActiveCfg = Debug|iPhone
		{9D1AD12F-4893-4471-B5B5-F7F976222765}.Debug|iPhone.ActiveCfg = Debug|iPhone
		{9D1AD12F-4893-4471-B5B5-F7F976222765}.Debug|iPhone.Build.0 = Debug|iPhone
		{9D1AD12F-4893-4471-B5B5-F7F976222765}.Debug|iPhoneSimulator.ActiveCfg = Debug|iPhoneSimulator
		{9D1AD12F-4893-4471-B5B5-F7F976222765}.Debug|iPhoneSimulator.Build.0 = Debug|iPhoneSimulator
		{9D1AD12F-4893-4471-B5B5-F7F976222765}.Release|Any CPU.ActiveCfg = Release|iPhone
		{9D1AD12F-4893-4471-B5B5-F7F976222765}.Release|iPhone.ActiveCfg = Release|iPhone
		{9D1AD12F-4893-4471-B5B5-F7F976222765}.Release|iPhone.Build.0 = Release|iPhone
		{9D1AD12F-4893-4471-B5B5-F7F976222765}.Release|iPhoneSimulator.ActiveCfg = Release|iPhoneSimulator
		{9D1AD12F-4893-4471-B5B5-F7F976222765}.Release|iPhoneSimulator.Build.0 = Release|iPhoneSimulator
		{65455FC5-5B16-4195-82FD-30F8156ECFEB}.Ad-Hoc|Any CPU.ActiveCfg = Ad-Hoc|iPhone
		{65455FC5-5B16-4195-82FD-30F8156ECFEB}.Ad-Hoc|iPhone.ActiveCfg = Ad-Hoc|iPhone
		{65455FC5-5B16-4195-82FD-30F8156ECFEB}.Ad-Hoc|iPhone.Build.0 = Ad-Hoc|iPhone
		{65455FC5-5B16-4195-82FD-30F8156ECFEB}.Ad-Hoc|iPhoneSimulator.ActiveCfg = Ad-Hoc|iPhoneSimulator
		{65455FC5-5B16-4195-82FD-30F8156ECFEB}.Ad-Hoc|iPhoneSimulator.Build.0 = Ad-Hoc|iPhoneSimulator
		{65455FC5-5B16-4195-82FD-30F8156ECFEB}.AppStore|Any CPU.ActiveCfg = AppStore|iPhone
		{65455FC5-5B16-4195-82FD-30F8156ECFEB}.AppStore|iPhone.ActiveCfg = AppStore|iPhone
		{65455FC5-5B16-4195-82FD-30F8156ECFEB}.AppStore|iPhone.Build.0 = AppStore|iPhone
		{65455FC5-5B16-4195-82FD-30F8156ECFEB}.AppStore|iPhoneSimulator.ActiveCfg = AppStore|iPhoneSimulator
		{65455FC5-5B16-4195-82FD-30F8156ECFEB}.AppStore|iPhoneSimulator.Build.0 = AppStore|iPhoneSimulator
		{65455FC5-5B16-4195-82FD-30F8156ECFEB}.Debug|Any CPU.ActiveCfg = Debug|iPhone
		{65455FC5-5B16-4195-82FD-30F8156ECFEB}.Debug|iPhone.ActiveCfg = Debug|iPhone
		{65455FC5-5B16-4195-82FD-30F8156ECFEB}.Debug|iPhone.Build.0 = Debug|iPhone
		{65455FC5-5B16-4195-82FD-30F8156ECFEB}.Debug|iPhoneSimulator.ActiveCfg = Debug|iPhoneSimulator
		{65455FC5-5B16-4195-82FD-30F8156ECFEB}.Debug|iPhoneSimulator.Build.0 = Debug|iPhoneSimulator
		{65455FC5-5B16-4195-82FD-30F8156ECFEB}.Release|Any CPU.ActiveCfg = Release|iPhone
		{65455FC5-5B16-4195-82FD-30F8156ECFEB}.Release|iPhone.ActiveCfg = Release|iPhone
		{65455FC5-5B16-4195-82FD-30F8156ECFEB}.Release|iPhone.Build.0 = Release|iPhone
		{65455FC5-5B16-4195-82FD-30F8156ECFEB}.Release|iPhoneSimulator.ActiveCfg = Release|iPhoneSimulator
		{65455FC5-5B16-4195-82FD-30F8156ECFEB}.Release|iPhoneSimulator.Build.0 = Release|iPhoneSimulator
		{234E001A-29FA-4399-B3EF-143D156BA7CF}.Ad-Hoc|Any CPU.ActiveCfg = Ad-Hoc|iPhone
		{234E001A-29FA-4399-B3EF-143D156BA7CF}.Ad-Hoc|iPhone.ActiveCfg = Ad-Hoc|iPhone
		{234E001A-29FA-4399-B3EF-143D156BA7CF}.Ad-Hoc|iPhone.Build.0 = Ad-Hoc|iPhone
		{234E001A-29FA-4399-B3EF-143D156BA7CF}.Ad-Hoc|iPhoneSimulator.ActiveCfg = Ad-Hoc|iPhoneSimulator
		{234E001A-29FA-4399-B3EF-143D156BA7CF}.Ad-Hoc|iPhoneSimulator.Build.0 = Ad-Hoc|iPhoneSimulator
		{234E001A-29FA-4399-B3EF-143D156BA7CF}.AppStore|Any CPU.ActiveCfg = AppStore|iPhone
		{234E001A-29FA-4399-B3EF-143D156BA7CF}.AppStore|iPhone.ActiveCfg = AppStore|iPhone
		{234E001A-29FA-4399-B3EF-143D156BA7CF}.AppStore|iPhone.Build.0 = AppStore|iPhone
		{234E001A-29FA-4399-B3EF-143D156BA7CF}.AppStore|iPhoneSimulator.ActiveCfg = AppStore|iPhoneSimulator
		{234E001A-29FA-4399-B3EF-143D156BA7CF}.AppStore|iPhoneSimulator.Build.0 = AppStore|iPhoneSimulator
		{234E001A-29FA-4399-B3EF-143D156BA7CF}.Debug|Any CPU.ActiveCfg = Debug|iPhone
		{234E001A-29FA-4399-B3EF-143D156BA7CF}.Debug|iPhone.ActiveCfg = Debug|iPhone
		{234E001A-29FA-4399-B3EF-143D156BA7CF}.Debug|iPhone.Build.0 = Debug|iPhone
		{234E001A-29FA-4399-B3EF-143D156BA7CF}.Debug|iPhoneSimulator.ActiveCfg = Debug|iPhoneSimulator
		{234E001A-29FA-4399-B3EF-143D156BA7CF}.Debug|iPhoneSimulator.Build.0 = Debug|iPhoneSimulator
		{234E001A-29FA-4399-B3EF-143D156BA7CF}.Release|Any CPU.ActiveCfg = Release|iPhone
		{234E001A-29FA-4399-B3EF-143D156BA7CF}.Release|iPhone.ActiveCfg = Release|iPhone
		{234E001A-29FA-4399-B3EF-143D156BA7CF}.Release|iPhone.Build.0 = Release|iPhone
		{234E001A-29FA-4399-B3EF-143D156BA7CF}.Release|iPhoneSimulator.ActiveCfg = Release|iPhoneSimulator
		{234E001A-29FA-4399-B3EF-143D156BA7CF}.Release|iPhoneSimulator.Build.0 = Release|iPhoneSimulator
		{AF8EB37F-3F4F-47C8-849F-E8FB78FB61B0}.Ad-Hoc|Any CPU.ActiveCfg = Ad-Hoc|iPhone
		{AF8EB37F-3F4F-47C8-849F-E8FB78FB61B0}.Ad-Hoc|iPhone.ActiveCfg = Ad-Hoc|iPhone
		{AF8EB37F-3F4F-47C8-849F-E8FB78FB61B0}.Ad-Hoc|iPhone.Build.0 = Ad-Hoc|iPhone
		{AF8EB37F-3F4F-47C8-849F-E8FB78FB61B0}.Ad-Hoc|iPhoneSimulator.ActiveCfg = Ad-Hoc|iPhoneSimulator
		{AF8EB37F-3F4F-47C8-849F-E8FB78FB61B0}.Ad-Hoc|iPhoneSimulator.Build.0 = Ad-Hoc|iPhoneSimulator
		{AF8EB37F-3F4F-47C8-849F-E8FB78FB61B0}.AppStore|Any CPU.ActiveCfg = AppStore|iPhone
		{AF8EB37F-3F4F-47C8-849F-E8FB78FB61B0}.AppStore|iPhone.ActiveCfg = AppStore|iPhone
		{AF8EB37F-3F4F-47C8-849F-E8FB78FB61B0}.AppStore|iPhone.Build.0 = AppStore|iPhone
		{AF8EB37F-3F4F-47C8-849F-E8FB78FB61B0}.AppStore|iPhoneSimulator.ActiveCfg = AppStore|iPhoneSimulator
		{AF8EB37F-3F4F-47C8-849F-E8FB78FB61B0}.AppStore|iPhoneSimulator.Build.0 = AppStore|iPhoneSimulator
		{AF8EB37F-3F4F-47C8-849F-E8FB78FB61B0}.Debug|Any CPU.ActiveCfg = Debug|iPhone
		{AF8EB37F-3F4F-47C8-849F-E8FB78FB61B0}.Debug|iPhone.ActiveCfg = Debug|iPhone
		{AF8EB37F-3F4F-47C8-849F-E8FB78FB61B0}.Debug|iPhone.Build.0 = Debug|iPhone
		{AF8EB37F-3F4F-47C8-849F-E8FB78FB61B0}.Debug|iPhoneSimulator.ActiveCfg = Debug|iPhoneSimulator
		{AF8EB37F-3F4F-47C8-849F-E8FB78FB61B0}.Debug|iPhoneSimulator.Build.0 = Debug|iPhoneSimulator
		{AF8EB37F-3F4F-47C8-849F-E8FB78FB61B0}.Release|Any CPU.ActiveCfg = Release|iPhone
		{AF8EB37F-3F4F-47C8-849F-E8FB78FB61B0}.Release|iPhone.ActiveCfg = Release|iPhone
		{AF8EB37F-3F4F-47C8-849F-E8FB78FB61B0}.Release|iPhone.Build.0 = Release|iPhone
		{AF8EB37F-3F4F-47C8-849F-E8FB78FB61B0}.Release|iPhoneSimulator.ActiveCfg = Release|iPhoneSimulator
		{AF8EB37F-3F4F-47C8-849F-E8FB78FB61B0}.Release|iPhoneSimulator.Build.0 = Release|iPhoneSimulator
		{E6BB5E40-AC6D-4902-97B1-088B3F78F6D0}.Ad-Hoc|Any CPU.ActiveCfg = Ad-Hoc|iPhone
		{E6BB5E40-AC6D-4902-97B1-088B3F78F6D0}.Ad-Hoc|iPhone.ActiveCfg = Ad-Hoc|iPhone
		{E6BB5E40-AC6D-4902-97B1-088B3F78F6D0}.Ad-Hoc|iPhone.Build.0 = Ad-Hoc|iPhone
		{E6BB5E40-AC6D-4902-97B1-088B3F78F6D0}.Ad-Hoc|iPhoneSimulator.ActiveCfg = Ad-Hoc|iPhoneSimulator
		{E6BB5E40-AC6D-4902-97B1-088B3F78F6D0}.Ad-Hoc|iPhoneSimulator.Build.0 = Ad-Hoc|iPhoneSimulator
		{E6BB5E40-AC6D-4902-97B1-088B3F78F6D0}.AppStore|Any CPU.ActiveCfg = AppStore|iPhone
		{E6BB5E40-AC6D-4902-97B1-088B3F78F6D0}.AppStore|iPhone.ActiveCfg = AppStore|iPhone
		{E6BB5E40-AC6D-4902-97B1-088B3F78F6D0}.AppStore|iPhone.Build.0 = AppStore|iPhone
		{E6BB5E40-AC6D-4902-97B1-088B3F78F6D0}.AppStore|iPhoneSimulator.ActiveCfg = AppStore|iPhoneSimulator
		{E6BB5E40-AC6D-4902-97B1-088B3F78F6D0}.AppStore|iPhoneSimulator.Build.0 = AppStore|iPhoneSimulator
		{E6BB5E40-AC6D-4902-97B1-088B3F78F6D0}.Debug|Any CPU.ActiveCfg = Debug|iPhone
		{E6BB5E40-AC6D-4902-97B1-088B3F78F6D0}.Debug|iPhone.ActiveCfg = Debug|iPhone
		{E6BB5E40-AC6D-4902-97B1-088B3F78F6D0}.Debug|iPhone.Build.0 = Debug|iPhone
		{E6BB5E40-AC6D-4902-97B1-088B3F78F6D0}.Debug|iPhoneSimulator.ActiveCfg = Debug|iPhoneSimulator
		{E6BB5E40-AC6D-4902-97B1-088B3F78F6D0}.Debug|iPhoneSimulator.Build.0 = Debug|iPhoneSimulator
		{E6BB5E40-AC6D-4902-97B1-088B3F78F6D0}.Release|Any CPU.ActiveCfg = Release|iPhone
		{E6BB5E40-AC6D-4902-97B1-088B3F78F6D0}.Release|iPhone.ActiveCfg = Release|iPhone
		{E6BB5E40-AC6D-4902-97B1-088B3F78F6D0}.Release|iPhone.Build.0 = Release|iPhone
		{E6BB5E40-AC6D-4902-97B1-088B3F78F6D0}.Release|iPhoneSimulator.ActiveCfg = Release|iPhoneSimulator
		{E6BB5E40-AC6D-4902-97B1-088B3F78F6D0}.Release|iPhoneSimulator.Build.0 = Release|iPhoneSimulator
		{F4987CC0-397D-43E0-98BC-0B6CC54D03C7}.Ad-Hoc|Any CPU.ActiveCfg = Ad-Hoc|iPhone
		{F4987CC0-397D-43E0-98BC-0B6CC54D03C7}.Ad-Hoc|iPhone.ActiveCfg = Ad-Hoc|iPhone
		{F4987CC0-397D-43E0-98BC-0B6CC54D03C7}.Ad-Hoc|iPhone.Build.0 = Ad-Hoc|iPhone
		{F4987CC0-397D-43E0-98BC-0B6CC54D03C7}.Ad-Hoc|iPhoneSimulator.ActiveCfg = Ad-Hoc|iPhoneSimulator
		{F4987CC0-397D-43E0-98BC-0B6CC54D03C7}.Ad-Hoc|iPhoneSimulator.Build.0 = Ad-Hoc|iPhoneSimulator
		{F4987CC0-397D-43E0-98BC-0B6CC54D03C7}.AppStore|Any CPU.ActiveCfg = AppStore|iPhone
		{F4987CC0-397D-43E0-98BC-0B6CC54D03C7}.AppStore|iPhone.ActiveCfg = AppStore|iPhone
		{F4987CC0-397D-43E0-98BC-0B6CC54D03C7}.AppStore|iPhone.Build.0 = AppStore|iPhone
		{F4987CC0-397D-43E0-98BC-0B6CC54D03C7}.AppStore|iPhoneSimulator.ActiveCfg = AppStore|iPhoneSimulator
		{F4987CC0-397D-43E0-98BC-0B6CC54D03C7}.AppStore|iPhoneSimulator.Build.0 = AppStore|iPhoneSimulator
		{F4987CC0-397D-43E0-98BC-0B6CC54D03C7}.Debug|Any CPU.ActiveCfg = Debug|iPhone
		{F4987CC0-397D-43E0-98BC-0B6CC54D03C7}.Debug|iPhone.ActiveCfg = Debug|iPhone
		{F4987CC0-397D-43E0-98BC-0B6CC54D03C7}.Debug|iPhone.Build.0 = Debug|iPhone
		{F4987CC0-397D-43E0-98BC-0B6CC54D03C7}.Debug|iPhoneSimulator.ActiveCfg = Debug|iPhoneSimulator
		{F4987CC0-397D-43E0-98BC-0B6CC54D03C7}.Debug|iPhoneSimulator.Build.0 = Debug|iPhoneSimulator
		{F4987CC0-397D-43E0-98BC-0B6CC54D03C7}.Release|Any CPU.ActiveCfg = Release|iPhone
		{F4987CC0-397D-43E0-98BC-0B6CC54D03C7}.Release|iPhone.ActiveCfg = Release|iPhone
		{F4987CC0-397D-43E0-98BC-0B6CC54D03C7}.Release|iPhone.Build.0 = Release|iPhone
		{F4987CC0-397D-43E0-98BC-0B6CC54D03C7}.Release|iPhoneSimulator.ActiveCfg = Release|iPhoneSimulator
		{F4987CC0-397D-43E0-98BC-0B6CC54D03C7}.Release|iPhoneSimulator.Build.0 = Release|iPhoneSimulator
		{F83B31C2-EB47-4549-9E55-39787121BD8D}.Ad-Hoc|Any CPU.ActiveCfg = Ad-Hoc|iPhone
		{F83B31C2-EB47-4549-9E55-39787121BD8D}.Ad-Hoc|iPhone.ActiveCfg = Ad-Hoc|iPhone
		{F83B31C2-EB47-4549-9E55-39787121BD8D}.Ad-Hoc|iPhone.Build.0 = Ad-Hoc|iPhone
		{F83B31C2-EB47-4549-9E55-39787121BD8D}.Ad-Hoc|iPhoneSimulator.ActiveCfg = Ad-Hoc|iPhoneSimulator
		{F83B31C2-EB47-4549-9E55-39787121BD8D}.Ad-Hoc|iPhoneSimulator.Build.0 = Ad-Hoc|iPhoneSimulator
		{F83B31C2-EB47-4549-9E55-39787121BD8D}.AppStore|Any CPU.ActiveCfg = AppStore|iPhone
		{F83B31C2-EB47-4549-9E55-39787121BD8D}.AppStore|iPhone.ActiveCfg = AppStore|iPhone
		{F83B31C2-EB47-4549-9E55-39787121BD8D}.AppStore|iPhone.Build.0 = AppStore|iPhone
		{F83B31C2-EB47-4549-9E55-39787121BD8D}.AppStore|iPhoneSimulator.ActiveCfg = AppStore|iPhoneSimulator
		{F83B31C2-EB47-4549-9E55-39787121BD8D}.AppStore|iPhoneSimulator.Build.0 = AppStore|iPhoneSimulator
		{F83B31C2-EB47-4549-9E55-39787121BD8D}.Debug|Any CPU.ActiveCfg = Debug|iPhone
		{F83B31C2-EB47-4549-9E55-39787121BD8D}.Debug|iPhone.ActiveCfg = Debug|iPhone
		{F83B31C2-EB47-4549-9E55-39787121BD8D}.Debug|iPhone.Build.0 = Debug|iPhone
		{F83B31C2-EB47-4549-9E55-39787121BD8D}.Debug|iPhoneSimulator.ActiveCfg = Debug|iPhoneSimulator
		{F83B31C2-EB47-4549-9E55-39787121BD8D}.Debug|iPhoneSimulator.Build.0 = Debug|iPhoneSimulator
		{F83B31C2-EB47-4549-9E55-39787121BD8D}.Release|Any CPU.ActiveCfg = Release|iPhone
		{F83B31C2-EB47-4549-9E55-39787121BD8D}.Release|iPhone.ActiveCfg = Release|iPhone
		{F83B31C2-EB47-4549-9E55-39787121BD8D}.Release|iPhone.Build.0 = Release|iPhone
		{F83B31C2-EB47-4549-9E55-39787121BD8D}.Release|iPhoneSimulator.ActiveCfg = Release|iPhoneSimulator
		{F83B31C2-EB47-4549-9E55-39787121BD8D}.Release|iPhoneSimulator.Build.0 = Release|iPhoneSimulator
	EndGlobalSection
	GlobalSection(SolutionProperties) = preSolution
		HideSolutionNode = FALSE
	EndGlobalSection
	GlobalSection(ExtensibilityGlobals) = postSolution
		SolutionGuid = {17B5FEEE-BB78-4C3A-BA04-58F69E14CA97}
	EndGlobalSection
EndGlobal
