
Microsoft Visual Studio Solution File, Format Version 12.00
# Visual Studio 15
VisualStudioVersion = 15.0.26730.12
MinimumVisualStudioVersion = 10.0.40219.1
Project("{FAE04EC0-301F-11D3-BF4B-00C04F79EFBC}") = "App1.iOS", "App1\App1.iOS\App1.iOS.csproj", "{682B9B1E-21DA-4921-A0C8-6A24B7064624}"
EndProject
Project("{FAE04EC0-301F-11D3-BF4B-00C04F79EFBC}") = "Backgrounding", "Backgrounding\Backgrounding.csproj", "{540762DC-D4D8-4F04-A800-5EB9088219C7}"
EndProject
Project("{FAE04EC0-301F-11D3-BF4B-00C04F79EFBC}") = "Location", "Location\Location.csproj", "{DB0DC624-3CC6-498E-BA07-6D63104F3DAE}"
EndProject
Project("{FAE04EC0-301F-11D3-BF4B-00C04F79EFBC}") = "TableView", "TableView\TableView.csproj", "{9D1AD12F-4893-4471-B5B5-F7F976222765}"
EndProject
Project("{FAE04EC0-301F-11D3-BF4B-00C04F79EFBC}") = "testTableView", "testTableView\testTableView.csproj", "{65455FC5-5B16-4195-82FD-30F8156ECFEB}"
EndProject
Global
	GlobalSection(SolutionConfigurationPlatforms) = preSolution
		Ad-Hoc|Any CPU = Ad-Hoc|Any CPU
		Ad-Hoc|iPhone = Ad-Hoc|iPhone
		Ad-Hoc|iPhoneSimulator = Ad-Hoc|iPhoneSimulator
		AppStore|Any CPU = AppStore|Any CPU
		AppStore|iPhone = AppStore|iPhone
		AppStore|iPhoneSimulator = AppStore|iPhoneSimulator
		Debug|Any CPU = Debug|Any CPU
		Debug|iPhone = Debug|iPhone
		Debug|iPhoneSimulator = Debug|iPhoneSimulator
		Release|Any CPU = Release|Any CPU
		Release|iPhone = Release|iPhone
		Release|iPhoneSimulator = Release|iPhoneSimulator
	EndGlobalSection
	GlobalSection(ProjectConfigurationPlatforms) = postSolution
		{682B9B1E-21DA-4921-A0C8-6A24B7064624}.Ad-Hoc|Any CPU.ActiveCfg = Release|iPhone
		{682B9B1E-21DA-4921-A0C8-6A24B7064624}.Ad-Hoc|Any CPU.Build.0 = Release|iPhone
		{682B9B1E-21DA-4921-A0C8-6A24B7064624}.Ad-Hoc|iPhone.ActiveCfg = Release|iPhone
		{682B9B1E-21DA-4921-A0C8-6A24B7064624}.Ad-Hoc|iPhone.Build.0 = Release|iPhone
		{682B9B1E-21DA-4921-A0C8-6A24B7064624}.Ad-Hoc|iPhoneSimulator.ActiveCfg = Release|iPhoneSimulator
		{682B9B1E-21DA-4921-A0C8-6A24B7064624}.Ad-Hoc|iPhoneSimulator.Build.0 = Release|iPhoneSimulator
		{682B9B1E-21DA-4921-A0C8-6A24B7064624}.AppStore|Any CPU.ActiveCfg = Release|iPhone
		{682B9B1E-21DA-4921-A0C8-6A24B7064624}.AppStore|Any CPU.Build.0 = Release|iPhone
		{682B9B1E-21DA-4921-A0C8-6A24B7064624}.AppStore|iPhone.ActiveCfg = Release|iPhone
		{682B9B1E-21DA-4921-A0C8-6A24B7064624}.AppStore|iPhone.Build.0 = Release|iPhone
		{682B9B1E-21DA-4921-A0C8-6A24B7064624}.AppStore|iPhoneSimulator.ActiveCfg = Release|iPhoneSimulator
		{682B9B1E-21DA-4921-A0C8-6A24B7064624}.AppStore|iPhoneSimulator.Build.0 = Release|iPhoneSimulator
		{682B9B1E-21DA-4921-A0C8-6A24B7064624}.Debug|Any CPU.ActiveCfg = Debug|iPhone
		{682B9B1E-21DA-4921-A0C8-6A24B7064624}.Debug|iPhone.ActiveCfg = Debug|iPhone
		{682B9B1E-21DA-4921-A0C8-6A24B7064624}.Debug|iPhone.Build.0 = Debug|iPhone
		{682B9B1E-21DA-4921-A0C8-6A24B7064624}.Debug|iPhoneSimulator.ActiveCfg = Debug|iPhoneSimulator
		{682B9B1E-21DA-4921-A0C8-6A24B7064624}.Debug|iPhoneSimulator.Build.0 = Debug|iPhoneSimulator
		{682B9B1E-21DA-4921-A0C8-6A24B7064624}.Release|Any CPU.ActiveCfg = Release|iPhone
		{682B9B1E-21DA-4921-A0C8-6A24B7064624}.Release|iPhone.ActiveCfg = Release|iPhone
		{682B9B1E-21DA-4921-A0C8-6A24B7064624}.Release|iPhone.Build.0 = Release|iPhone
		{682B9B1E-21DA-4921-A0C8-6A24B7064624}.Release|iPhoneSimulator.ActiveCfg = Release|iPhoneSimulator
		{682B9B1E-21DA-4921-A0C8-6A24B7064624}.Release|iPhoneSimulator.Build.0 = Release|iPhoneSimulator
		{540762DC-D4D8-4F04-A800-5EB9088219C7}.Ad-Hoc|Any CPU.ActiveCfg = Ad-Hoc|iPhone
		{540762DC-D4D8-4F04-A800-5EB9088219C7}.Ad-Hoc|iPhone.ActiveCfg = Ad-Hoc|iPhone
		{540762DC-D4D8-4F04-A800-5EB9088219C7}.Ad-Hoc|iPhone.Build.0 = Ad-Hoc|iPhone
		{540762DC-D4D8-4F04-A800-5EB9088219C7}.Ad-Hoc|iPhoneSimulator.ActiveCfg = Ad-Hoc|iPhoneSimulator
		{540762DC-D4D8-4F04-A800-5EB9088219C7}.Ad-Hoc|iPhoneSimulator.Build.0 = Ad-Hoc|iPhoneSimulator
		{540762DC-D4D8-4F04-A800-5EB9088219C7}.AppStore|Any CPU.ActiveCfg = AppStore|iPhone
		{540762DC-D4D8-4F04-A800-5EB9088219C7}.AppStore|iPhone.ActiveCfg = AppStore|iPhone
		{540762DC-D4D8-4F04-A800-5EB9088219C7}.AppStore|iPhone.Build.0 = AppStore|iPhone
		{540762DC-D4D8-4F04-A800-5EB9088219C7}.AppStore|iPhoneSimulator.ActiveCfg = AppStore|iPhoneSimulator
		{540762DC-D4D8-4F04-A800-5EB9088219C7}.AppStore|iPhoneSimulator.Build.0 = AppStore|iPhoneSimulator
		{540762DC-D4D8-4F04-A800-5EB9088219C7}.Debug|Any CPU.ActiveCfg = Debug|iPhone
		{540762DC-D4D8-4F04-A800-5EB9088219C7}.Debug|iPhone.ActiveCfg = Debug|iPhone
		{540762DC-D4D8-4F04-A800-5EB9088219C7}.Debug|iPhone.Build.0 = Debug|iPhone
		{540762DC-D4D8-4F04-A800-5EB9088219C7}.Debug|iPhoneSimulator.ActiveCfg = Debug|iPhoneSimulator
		{540762DC-D4D8-4F04-A800-5EB9088219C7}.Debug|iPhoneSimulator.Build.0 = Debug|iPhoneSimulator
		{540762DC-D4D8-4F04-A800-5EB9088219C7}.Release|Any CPU.ActiveCfg = Release|iPhone
		{540762DC-D4D8-4F04-A800-5EB9088219C7}.Release|iPhone.ActiveCfg = Release|iPhone
		{540762DC-D4D8-4F04-A800-5EB9088219C7}.Release|iPhone.Build.0 = Release|iPhone
		{540762DC-D4D8-4F04-A800-5EB9088219C7}.Release|iPhoneSimulator.ActiveCfg = Release|iPhoneSimulator
		{540762DC-D4D8-4F04-A800-5EB9088219C7}.Release|iPhoneSimulator.Build.0 = Release|iPhoneSimulator
		{DB0DC624-3CC6-498E-BA07-6D63104F3DAE}.Ad-Hoc|Any CPU.ActiveCfg = Ad-Hoc|iPhone
		{DB0DC624-3CC6-498E-BA07-6D63104F3DAE}.Ad-Hoc|iPhone.ActiveCfg = Ad-Hoc|iPhone
		{DB0DC624-3CC6-498E-BA07-6D63104F3DAE}.Ad-Hoc|iPhone.Build.0 = Ad-Hoc|iPhone
		{DB0DC624-3CC6-498E-BA07-6D63104F3DAE}.Ad-Hoc|iPhoneSimulator.ActiveCfg = Ad-Hoc|iPhoneSimulator
		{DB0DC624-3CC6-498E-BA07-6D63104F3DAE}.Ad-Hoc|iPhoneSimulator.Build.0 = Ad-Hoc|iPhoneSimulator
		{DB0DC624-3CC6-498E-BA07-6D63104F3DAE}.AppStore|Any CPU.ActiveCfg = AppStore|iPhone
		{DB0DC624-3CC6-498E-BA07-6D63104F3DAE}.AppStore|iPhone.ActiveCfg = AppStore|iPhone
		{DB0DC624-3CC6-498E-BA07-6D63104F3DAE}.AppStore|iPhone.Build.0 = AppStore|iPhone
		{DB0DC624-3CC6-498E-BA07-6D63104F3DAE}.AppStore|iPhoneSimulator.ActiveCfg = AppStore|iPhoneSimulator
		{DB0DC624-3CC6-498E-BA07-6D63104F3DAE}.AppStore|iPhoneSimulator.Build.0 = AppStore|iPhoneSimulator
		{DB0DC624-3CC6-498E-BA07-6D63104F3DAE}.Debug|Any CPU.ActiveCfg = Debug|iPhone
		{DB0DC624-3CC6-498E-BA07-6D63104F3DAE}.Debug|iPhone.ActiveCfg = Debug|iPhone
		{DB0DC624-3CC6-498E-BA07-6D63104F3DAE}.Debug|iPhone.Build.0 = Debug|iPhone
		{DB0DC624-3CC6-498E-BA07-6D63104F3DAE}.Debug|iPhoneSimulator.ActiveCfg = Debug|iPhoneSimulator
		{DB0DC624-3CC6-498E-BA07-6D63104F3DAE}.Debug|iPhoneSimulator.Build.0 = Debug|iPhoneSimulator
		{DB0DC624-3CC6-498E-BA07-6D63104F3DAE}.Release|Any CPU.ActiveCfg = Release|iPhone
		{DB0DC624-3CC6-498E-BA07-6D63104F3DAE}.Release|iPhone.ActiveCfg = Release|iPhone
		{DB0DC624-3CC6-498E-BA07-6D63104F3DAE}.Release|iPhone.Build.0 = Release|iPhone
		{DB0DC624-3CC6-498E-BA07-6D63104F3DAE}.Release|iPhoneSimulator.ActiveCfg = Release|iPhoneSimulator
		{DB0DC624-3CC6-498E-BA07-6D63104F3DAE}.Release|iPhoneSimulator.Build.0 = Release|iPhoneSimulator
		{9D1AD12F-4893-4471-B5B5-F7F976222765}.Ad-Hoc|Any CPU.ActiveCfg = Ad-Hoc|iPhone
		{9D1AD12F-4893-4471-B5B5-F7F976222765}.Ad-Hoc|iPhone.ActiveCfg = Ad-Hoc|iPhone
		{9D1AD12F-4893-4471-B5B5-F7F976222765}.Ad-Hoc|iPhone.Build.0 = Ad-Hoc|iPhone
		{9D1AD12F-4893-4471-B5B5-F7F976222765}.Ad-Hoc|iPhoneSimulator.ActiveCfg = Ad-Hoc|iPhoneSimulator
		{9D1AD12F-4893-4471-B5B5-F7F976222765}.Ad-Hoc|iPhoneSimulator.Build.0 = Ad-Hoc|iPhoneSimulator
		{9D1AD12F-4893-4471-B5B5-F7F976222765}.AppStore|Any CPU.ActiveCfg = AppStore|iPhone
		{9D1AD12F-4893-4471-B5B5-F7F976222765}.AppStore|iPhone.ActiveCfg = AppStore|iPhone
		{9D1AD12F-4893-4471-B5B5-F7F976222765}.AppStore|iPhone.Build.0 = AppStore|iPhone
		{9D1AD12F-4893-4471-B5B5-F7F976222765}.AppStore|iPhoneSimulator.ActiveCfg = AppStore|iPhoneSimulator
		{9D1AD12F-4893-4471-B5B5-F7F976222765}.AppStore|iPhoneSimulator.Build.0 = AppStore|iPhoneSimulator
		{9D1AD12F-4893-4471-B5B5-F7F976222765}.Debug|Any CPU.ActiveCfg = Debug|iPhone
		{9D1AD12F-4893-4471-B5B5-F7F976222765}.Debug|iPhone.ActiveCfg = Debug|iPhone
		{9D1AD12F-4893-4471-B5B5-F7F976222765}.Debug|iPhone.Build.0 = Debug|iPhone
		{9D1AD12F-4893-4471-B5B5-F7F976222765}.Debug|iPhoneSimulator.ActiveCfg = Debug|iPhoneSimulator
		{9D1AD12F-4893-4471-B5B5-F7F976222765}.Debug|iPhoneSimulator.Build.0 = Debug|iPhoneSimulator
		{9D1AD12F-4893-4471-B5B5-F7F976222765}.Release|Any CPU.ActiveCfg = Release|iPhone
		{9D1AD12F-4893-4471-B5B5-F7F976222765}.Release|iPhone.ActiveCfg = Release|iPhone
		{9D1AD12F-4893-4471-B5B5-F7F976222765}.Release|iPhone.Build.0 = Release|iPhone
		{9D1AD12F-4893-4471-B5B5-F7F976222765}.Release|iPhoneSimulator.ActiveCfg = Release|iPhoneSimulator
		{9D1AD12F-4893-4471-B5B5-F7F976222765}.Release|iPhoneSimulator.Build.0 = Release|iPhoneSimulator
		{65455FC5-5B16-4195-82FD-30F8156ECFEB}.Ad-Hoc|Any CPU.ActiveCfg = Ad-Hoc|iPhone
		{65455FC5-5B16-4195-82FD-30F8156ECFEB}.Ad-Hoc|iPhone.ActiveCfg = Ad-Hoc|iPhone
		{65455FC5-5B16-4195-82FD-30F8156ECFEB}.Ad-Hoc|iPhone.Build.0 = Ad-Hoc|iPhone
		{65455FC5-5B16-4195-82FD-30F8156ECFEB}.Ad-Hoc|iPhoneSimulator.ActiveCfg = Ad-Hoc|iPhoneSimulator
		{65455FC5-5B16-4195-82FD-30F8156ECFEB}.Ad-Hoc|iPhoneSimulator.Build.0 = Ad-Hoc|iPhoneSimulator
		{65455FC5-5B16-4195-82FD-30F8156ECFEB}.AppStore|Any CPU.ActiveCfg = AppStore|iPhone
		{65455FC5-5B16-4195-82FD-30F8156ECFEB}.AppStore|iPhone.ActiveCfg = AppStore|iPhone
		{65455FC5-5B16-4195-82FD-30F8156ECFEB}.AppStore|iPhone.Build.0 = AppStore|iPhone
		{65455FC5-5B16-4195-82FD-30F8156ECFEB}.AppStore|iPhoneSimulator.ActiveCfg = AppStore|iPhoneSimulator
		{65455FC5-5B16-4195-82FD-30F8156ECFEB}.AppStore|iPhoneSimulator.Build.0 = AppStore|iPhoneSimulator
		{65455FC5-5B16-4195-82FD-30F8156ECFEB}.Debug|Any CPU.ActiveCfg = Debug|iPhone
		{65455FC5-5B16-4195-82FD-30F8156ECFEB}.Debug|iPhone.ActiveCfg = Debug|iPhone
		{65455FC5-5B16-4195-82FD-30F8156ECFEB}.Debug|iPhone.Build.0 = Debug|iPhone
		{65455FC5-5B16-4195-82FD-30F8156ECFEB}.Debug|iPhoneSimulator.ActiveCfg = Debug|iPhoneSimulator
		{65455FC5-5B16-4195-82FD-30F8156ECFEB}.Debug|iPhoneSimulator.Build.0 = Debug|iPhoneSimulator
		{65455FC5-5B16-4195-82FD-30F8156ECFEB}.Release|Any CPU.ActiveCfg = Release|iPhone
		{65455FC5-5B16-4195-82FD-30F8156ECFEB}.Release|iPhone.ActiveCfg = Release|iPhone
		{65455FC5-5B16-4195-82FD-30F8156ECFEB}.Release|iPhone.Build.0 = Release|iPhone
		{65455FC5-5B16-4195-82FD-30F8156ECFEB}.Release|iPhoneSimulator.ActiveCfg = Release|iPhoneSimulator
		{65455FC5-5B16-4195-82FD-30F8156ECFEB}.Release|iPhoneSimulator.Build.0 = Release|iPhoneSimulator
	EndGlobalSection
	GlobalSection(SolutionProperties) = preSolution
		HideSolutionNode = FALSE
	EndGlobalSection
	GlobalSection(ExtensibilityGlobals) = postSolution
		SolutionGuid = {17B5FEEE-BB78-4C3A-BA04-58F69E14CA97}
	EndGlobalSection
EndGlobal
